
Microsoft Visual Studio Solution File, Format Version 12.00
# Visual Studio Version 17
VisualStudioVersion = 17.3.32929.385
MinimumVisualStudioVersion = 10.0.40219.1
Project("{FAE04EC0-301F-11D3-BF4B-00C04F79EFBC}") = "DelegateTasks", "DelegateTasks\DelegateTasks.csproj", "{8A44931D-6606-4486-ABDF-C5E2F2F7239C}"
EndProject
Global
	GlobalSection(SolutionConfigurationPlatforms) = preSolution
		Debug|Any CPU = Debug|Any CPU
		Release|Any CPU = Release|Any CPU
	EndGlobalSection
	GlobalSection(ProjectConfigurationPlatforms) = postSolution
		{8A44931D-6606-4486-ABDF-C5E2F2F7239C}.Debug|Any CPU.ActiveCfg = Debug|Any CPU
		{8A44931D-6606-4486-ABDF-C5E2F2F7239C}.Debug|Any CPU.Build.0 = Debug|Any CPU
		{8A44931D-6606-4486-ABDF-C5E2F2F7239C}.Release|Any CPU.ActiveCfg = Release|Any CPU
		{8A44931D-6606-4486-ABDF-C5E2F2F7239C}.Release|Any CPU.Build.0 = Release|Any CPU
	EndGlobalSection
	GlobalSection(SolutionProperties) = preSolution
		HideSolutionNode = FALSE
	EndGlobalSection
	GlobalSection(ExtensibilityGlobals) = postSolution
		SolutionGuid = {BBABB500-2835-478C-8C2C-0289397CF7A8}
	EndGlobalSection
EndGlobal
