
Microsoft Visual Studio Solution File, Format Version 12.00
# Visual Studio Version 17
VisualStudioVersion = 17.3.32929.385
MinimumVisualStudioVersion = 10.0.40219.1
Project("{FAE04EC0-301F-11D3-BF4B-00C04F79EFBC}") = "PracticeStaticEnum", "PracticeStaticEnum\PracticeStaticEnum.csproj", "{AC686972-06EE-455D-BD08-BC32AE43274F}"
EndProject
Global
	GlobalSection(SolutionConfigurationPlatforms) = preSolution
		Debug|Any CPU = Debug|Any CPU
		Release|Any CPU = Release|Any CPU
	EndGlobalSection
	GlobalSection(ProjectConfigurationPlatforms) = postSolution
		{AC686972-06EE-455D-BD08-BC32AE43274F}.Debug|Any CPU.ActiveCfg = Debug|Any CPU
		{AC686972-06EE-455D-BD08-BC32AE43274F}.Debug|Any CPU.Build.0 = Debug|Any CPU
		{AC686972-06EE-455D-BD08-BC32AE43274F}.Release|Any CPU.ActiveCfg = Release|Any CPU
		{AC686972-06EE-455D-BD08-BC32AE43274F}.Release|Any CPU.Build.0 = Release|Any CPU
	EndGlobalSection
	GlobalSection(SolutionProperties) = preSolution
		HideSolutionNode = FALSE
	EndGlobalSection
	GlobalSection(ExtensibilityGlobals) = postSolution
		SolutionGuid = {13211463-24C6-4C97-8E22-F06F36AA42F7}
	EndGlobalSection
EndGlobal
