
Microsoft Visual Studio Solution File, Format Version 12.00
# Visual Studio Version 17
VisualStudioVersion = 17.3.32929.385
MinimumVisualStudioVersion = 10.0.40219.1
Project("{FAE04EC0-301F-11D3-BF4B-00C04F79EFBC}") = "StaticEnum", "StaticEnum\StaticEnum.csproj", "{1EBE018A-DFAB-4F6D-B9FA-742FF237E1CD}"
EndProject
Global
	GlobalSection(SolutionConfigurationPlatforms) = preSolution
		Debug|Any CPU = Debug|Any CPU
		Release|Any CPU = Release|Any CPU
	EndGlobalSection
	GlobalSection(ProjectConfigurationPlatforms) = postSolution
		{1EBE018A-DFAB-4F6D-B9FA-742FF237E1CD}.Debug|Any CPU.ActiveCfg = Debug|Any CPU
		{1EBE018A-DFAB-4F6D-B9FA-742FF237E1CD}.Debug|Any CPU.Build.0 = Debug|Any CPU
		{1EBE018A-DFAB-4F6D-B9FA-742FF237E1CD}.Release|Any CPU.ActiveCfg = Release|Any CPU
		{1EBE018A-DFAB-4F6D-B9FA-742FF237E1CD}.Release|Any CPU.Build.0 = Release|Any CPU
	EndGlobalSection
	GlobalSection(SolutionProperties) = preSolution
		HideSolutionNode = FALSE
	EndGlobalSection
	GlobalSection(ExtensibilityGlobals) = postSolution
		SolutionGuid = {42F9EBD8-F008-4139-9295-3AD673E1CB2E}
	EndGlobalSection
EndGlobal
