
Microsoft Visual Studio Solution File, Format Version 12.00
# Visual Studio Version 17
VisualStudioVersion = 17.3.32929.385
MinimumVisualStudioVersion = 10.0.40219.1
Project("{FAE04EC0-301F-11D3-BF4B-00C04F79EFBC}") = "DictionaryIndexerReflection", "DictionaryIndexerReflection\DictionaryIndexerReflection.csproj", "{87FFBC34-6A5C-422D-904B-D90DC604798F}"
EndProject
Project("{FAE04EC0-301F-11D3-BF4B-00C04F79EFBC}") = "Domain", "Domain\Domain.csproj", "{65D56B3E-967B-449C-872B-7FF2D19D1A4B}"
EndProject
Global
	GlobalSection(SolutionConfigurationPlatforms) = preSolution
		Debug|Any CPU = Debug|Any CPU
		Release|Any CPU = Release|Any CPU
	EndGlobalSection
	GlobalSection(ProjectConfigurationPlatforms) = postSolution
		{87FFBC34-6A5C-422D-904B-D90DC604798F}.Debug|Any CPU.ActiveCfg = Debug|Any CPU
		{87FFBC34-6A5C-422D-904B-D90DC604798F}.Debug|Any CPU.Build.0 = Debug|Any CPU
		{87FFBC34-6A5C-422D-904B-D90DC604798F}.Release|Any CPU.ActiveCfg = Release|Any CPU
		{87FFBC34-6A5C-422D-904B-D90DC604798F}.Release|Any CPU.Build.0 = Release|Any CPU
		{65D56B3E-967B-449C-872B-7FF2D19D1A4B}.Debug|Any CPU.ActiveCfg = Debug|Any CPU
		{65D56B3E-967B-449C-872B-7FF2D19D1A4B}.Debug|Any CPU.Build.0 = Debug|Any CPU
		{65D56B3E-967B-449C-872B-7FF2D19D1A4B}.Release|Any CPU.ActiveCfg = Release|Any CPU
		{65D56B3E-967B-449C-872B-7FF2D19D1A4B}.Release|Any CPU.Build.0 = Release|Any CPU
	EndGlobalSection
	GlobalSection(SolutionProperties) = preSolution
		HideSolutionNode = FALSE
	EndGlobalSection
	GlobalSection(ExtensibilityGlobals) = postSolution
		SolutionGuid = {CF81EEEF-FCD8-4184-8C75-0E04E15288C3}
	EndGlobalSection
EndGlobal
